
Microsoft Visual Studio Solution File, Format Version 12.00
# Visual Studio Version 16
VisualStudioVersion = 16.0.29306.81
MinimumVisualStudioVersion = 10.0.40219.1
Project("{6EC3EE1D-3C4E-46DD-8F32-0CC8E7565705}") = "BatchIt", "src\BatchIt\BatchIt.fsproj", "{F36AD722-9452-4390-A1B1-3B41DC449A18}"
EndProject
Project("{2150E333-8FDC-42A3-9474-1A3956D46DE8}") = "Solution Items", "Solution Items", "{0BD99F44-B88E-401F-B326-646098D89E12}"
	ProjectSection(SolutionItems) = preProject
		README.md = README.md
		RELEASE_NOTES.md = RELEASE_NOTES.md
		Directory.Build.props = Directory.Build.props
		.editorconfig = .editorconfig
		global.json = global.json
	EndProjectSection
EndProject
Project("{F2A71F9B-5D33-465A-A702-920D77279786}") = "BatchIt.Tests", "src\BatchIt.Tests\BatchIt.Tests.fsproj", "{F294D69B-1AE9-46B1-9F64-991C3BF60A64}"
EndProject
Project("{2150E333-8FDC-42A3-9474-1A3956D46DE8}") = ".github", ".github", "{4E1C0046-4F2F-447D-AE7B-B1E216791D2E}"
	ProjectSection(SolutionItems) = preProject
		.github\CONTRIBUTING.md = .github\CONTRIBUTING.md
	EndProjectSection
EndProject
Project("{2150E333-8FDC-42A3-9474-1A3956D46DE8}") = "workflows", "workflows", "{0B3D66CD-90FA-4994-8F5E-BF32CE2110F6}"
	ProjectSection(SolutionItems) = preProject
		.github\workflows\ci.yml = .github\workflows\ci.yml
	EndProjectSection
EndProject
Global
	GlobalSection(SolutionConfigurationPlatforms) = preSolution
		Debug|Any CPU = Debug|Any CPU
		Release|Any CPU = Release|Any CPU
	EndGlobalSection
	GlobalSection(ProjectConfigurationPlatforms) = postSolution
		{F36AD722-9452-4390-A1B1-3B41DC449A18}.Debug|Any CPU.ActiveCfg = Debug|Any CPU
		{F36AD722-9452-4390-A1B1-3B41DC449A18}.Debug|Any CPU.Build.0 = Debug|Any CPU
		{F36AD722-9452-4390-A1B1-3B41DC449A18}.Release|Any CPU.ActiveCfg = Release|Any CPU
		{F36AD722-9452-4390-A1B1-3B41DC449A18}.Release|Any CPU.Build.0 = Release|Any CPU
		{F294D69B-1AE9-46B1-9F64-991C3BF60A64}.Debug|Any CPU.ActiveCfg = Debug|Any CPU
		{F294D69B-1AE9-46B1-9F64-991C3BF60A64}.Debug|Any CPU.Build.0 = Debug|Any CPU
		{F294D69B-1AE9-46B1-9F64-991C3BF60A64}.Release|Any CPU.ActiveCfg = Release|Any CPU
		{F294D69B-1AE9-46B1-9F64-991C3BF60A64}.Release|Any CPU.Build.0 = Release|Any CPU
	EndGlobalSection
	GlobalSection(SolutionProperties) = preSolution
		HideSolutionNode = FALSE
	EndGlobalSection
	GlobalSection(ExtensibilityGlobals) = postSolution
		SolutionGuid = {26016C6E-BCC7-4AF7-9209-AEC47718D0FE}
	EndGlobalSection
	GlobalSection(NestedProjects) = preSolution
		{4E1C0046-4F2F-447D-AE7B-B1E216791D2E} = {0BD99F44-B88E-401F-B326-646098D89E12}
		{0B3D66CD-90FA-4994-8F5E-BF32CE2110F6} = {4E1C0046-4F2F-447D-AE7B-B1E216791D2E}
	EndGlobalSection
EndGlobal
